// !$*UTF8*$!
{
	archiveVersion = 1;
	classes = {
	};
	objectVersion = 50;
	objects = {

/* Begin PBXBuildFile section */
		442CDC5E66F99DE69E170C0E /* Pods_BuyBookBack.framework in Frameworks */ = {isa = PBXBuildFile; fileRef = 1108FD2CF3613A454E53AFC1 /* Pods_BuyBookBack.framework */; };
		DB6D94E32514D508004B3870 /* AppDelegate.swift in Sources */ = {isa = PBXBuildFile; fileRef = DB6D94E22514D508004B3870 /* AppDelegate.swift */; };
		DB6D94E52514D508004B3870 /* SceneDelegate.swift in Sources */ = {isa = PBXBuildFile; fileRef = DB6D94E42514D508004B3870 /* SceneDelegate.swift */; };
		DB6D94E72514D508004B3870 /* ViewController.swift in Sources */ = {isa = PBXBuildFile; fileRef = DB6D94E62514D508004B3870 /* ViewController.swift */; };
		DB6D94EA2514D508004B3870 /* Main.storyboard in Resources */ = {isa = PBXBuildFile; fileRef = DB6D94E82514D508004B3870 /* Main.storyboard */; };
		DB6D94EC2514D50D004B3870 /* Assets.xcassets in Resources */ = {isa = PBXBuildFile; fileRef = DB6D94EB2514D50D004B3870 /* Assets.xcassets */; };
		DB6D94EF2514D50D004B3870 /* LaunchScreen.storyboard in Resources */ = {isa = PBXBuildFile; fileRef = DB6D94ED2514D50D004B3870 /* LaunchScreen.storyboard */; };
		DBD672072514D9490003A860 /* GoogleService-Info.plist in Resources */ = {isa = PBXBuildFile; fileRef = DBD672062514D9490003A860 /* GoogleService-Info.plist */; };
/* End PBXBuildFile section */

/* Begin PBXFileReference section */
		1108FD2CF3613A454E53AFC1 /* Pods_BuyBookBack.framework */ = {isa = PBXFileReference; explicitFileType = wrapper.framework; includeInIndex = 0; path = Pods_BuyBookBack.framework; sourceTree = BUILT_PRODUCTS_DIR; };
		2D2B70A4E6BE15E1C7E1F18F /* Pods-BuyBookBack.release.xcconfig */ = {isa = PBXFileReference; includeInIndex = 1; lastKnownFileType = text.xcconfig; name = "Pods-BuyBookBack.release.xcconfig"; path = "Target Support Files/Pods-BuyBookBack/Pods-BuyBookBack.release.xcconfig"; sourceTree = "<group>"; };
		88B8C68B7E519DB9DEFF3903 /* Pods-BuyBookBack.debug.xcconfig */ = {isa = PBXFileReference; includeInIndex = 1; lastKnownFileType = text.xcconfig; name = "Pods-BuyBookBack.debug.xcconfig"; path = "Target Support Files/Pods-BuyBookBack/Pods-BuyBookBack.debug.xcconfig"; sourceTree = "<group>"; };
		DB6D94DF2514D508004B3870 /* BuyBookBack.app */ = {isa = PBXFileReference; explicitFileType = wrapper.application; includeInIndex = 0; path = BuyBookBack.app; sourceTree = BUILT_PRODUCTS_DIR; };
		DB6D94E22514D508004B3870 /* AppDelegate.swift */ = {isa = PBXFileReference; lastKnownFileType = sourcecode.swift; path = AppDelegate.swift; sourceTree = "<group>"; };
		DB6D94E42514D508004B3870 /* SceneDelegate.swift */ = {isa = PBXFileReference; lastKnownFileType = sourcecode.swift; path = SceneDelegate.swift; sourceTree = "<group>"; };
		DB6D94E62514D508004B3870 /* ViewController.swift */ = {isa = PBXFileReference; lastKnownFileType = sourcecode.swift; path = ViewController.swift; sourceTree = "<group>"; };
		DB6D94E92514D508004B3870 /* Base */ = {isa = PBXFileReference; lastKnownFileType = file.storyboard; name = Base; path = Base.lproj/Main.storyboard; sourceTree = "<group>"; };
		DB6D94EB2514D50D004B3870 /* Assets.xcassets */ = {isa = PBXFileReference; lastKnownFileType = folder.assetcatalog; path = Assets.xcassets; sourceTree = "<group>"; };
		DB6D94EE2514D50D004B3870 /* Base */ = {isa = PBXFileReference; lastKnownFileType = file.storyboard; name = Base; path = Base.lproj/LaunchScreen.storyboard; sourceTree = "<group>"; };
		DB6D94F02514D50D004B3870 /* Info.plist */ = {isa = PBXFileReference; lastKnownFileType = text.plist.xml; path = Info.plist; sourceTree = "<group>"; };
		DBD672062514D9490003A860 /* GoogleService-Info.plist */ = {isa = PBXFileReference; fileEncoding = 4; lastKnownFileType = text.plist.xml; path = "GoogleService-Info.plist"; sourceTree = "<group>"; };
/* End PBXFileReference section */

/* Begin PBXFrameworksBuildPhase section */
		DB6D94DC2514D508004B3870 /* Frameworks */ = {
			isa = PBXFrameworksBuildPhase;
			buildActionMask = 2147483647;
			files = (
				442CDC5E66F99DE69E170C0E /* Pods_BuyBookBack.framework in Frameworks */,
			);
			runOnlyForDeploymentPostprocessing = 0;
		};
/* End PBXFrameworksBuildPhase section */

/* Begin PBXGroup section */
		56B429C7ADD14BFA3AD708D7 /* Pods */ = {
			isa = PBXGroup;
			children = (
				88B8C68B7E519DB9DEFF3903 /* Pods-BuyBookBack.debug.xcconfig */,
				2D2B70A4E6BE15E1C7E1F18F /* Pods-BuyBookBack.release.xcconfig */,
			);
			name = Pods;
			path = Pods;
			sourceTree = "<group>";
		};
		5F4B590E5911B44C2336C6AB /* Frameworks */ = {
			isa = PBXGroup;
			children = (
				1108FD2CF3613A454E53AFC1 /* Pods_BuyBookBack.framework */,
			);
			name = Frameworks;
			sourceTree = "<group>";
		};
		DB6D94D62514D508004B3870 = {
			isa = PBXGroup;
			children = (
				DB6D94E12514D508004B3870 /* BuyBookBack */,
				DB6D94E02514D508004B3870 /* Products */,
				56B429C7ADD14BFA3AD708D7 /* Pods */,
				5F4B590E5911B44C2336C6AB /* Frameworks */,
			);
			sourceTree = "<group>";
		};
		DB6D94E02514D508004B3870 /* Products */ = {
			isa = PBXGroup;
			children = (
				DB6D94DF2514D508004B3870 /* BuyBookBack.app */,
			);
			name = Products;
			sourceTree = "<group>";
		};
		DB6D94E12514D508004B3870 /* BuyBookBack */ = {
			isa = PBXGroup;
			children = (
				DB6D94E22514D508004B3870 /* AppDelegate.swift */,
				DB6D94E42514D508004B3870 /* SceneDelegate.swift */,
				DB6D94E62514D508004B3870 /* ViewController.swift */,
				DB6D94E82514D508004B3870 /* Main.storyboard */,
				DB6D94EB2514D50D004B3870 /* Assets.xcassets */,
				DB6D94ED2514D50D004B3870 /* LaunchScreen.storyboard */,
				DB6D94F02514D50D004B3870 /* Info.plist */,
				DBD672062514D9490003A860 /* GoogleService-Info.plist */,
			);
			path = BuyBookBack;
			sourceTree = "<group>";
		};
/* End PBXGroup section */

/* Begin PBXNativeTarget section */
		DB6D94DE2514D508004B3870 /* BuyBookBack */ = {
			isa = PBXNativeTarget;
			buildConfigurationList = DB6D94F32514D50D004B3870 /* Build configuration list for PBXNativeTarget "BuyBookBack" */;
			buildPhases = (
				5DFDFF85E0D5567E30035B7A /* [CP] Check Pods Manifest.lock */,
				DB6D94DB2514D508004B3870 /* Sources */,
				DB6D94DC2514D508004B3870 /* Frameworks */,
				DB6D94DD2514D508004B3870 /* Resources */,
				959EEADA54CD92BEE655EB66 /* [CP] Embed Pods Frameworks */,
			);
			buildRules = (
			);
			dependencies = (
			);
			name = BuyBookBack;
			productName = BuyBookBack;
			productReference = DB6D94DF2514D508004B3870 /* BuyBookBack.app */;
			productType = "com.apple.product-type.application";
		};
/* End PBXNativeTarget section */

/* Begin PBXProject section */
		DB6D94D72514D508004B3870 /* Project object */ = {
			isa = PBXProject;
			attributes = {
				LastSwiftUpdateCheck = 1170;
				LastUpgradeCheck = 1170;
				ORGANIZATIONNAME = "Bilal Fakhro";
				TargetAttributes = {
					DB6D94DE2514D508004B3870 = {
						CreatedOnToolsVersion = 11.7;
					};
				};
			};
			buildConfigurationList = DB6D94DA2514D508004B3870 /* Build configuration list for PBXProject "BuyBookBack" */;
			compatibilityVersion = "Xcode 9.3";
			developmentRegion = en;
			hasScannedForEncodings = 0;
			knownRegions = (
				en,
				Base,
			);
			mainGroup = DB6D94D62514D508004B3870;
			productRefGroup = DB6D94E02514D508004B3870 /* Products */;
			projectDirPath = "";
			projectRoot = "";
			targets = (
				DB6D94DE2514D508004B3870 /* BuyBookBack */,
			);
		};
/* End PBXProject section */

/* Begin PBXResourcesBuildPhase section */
		DB6D94DD2514D508004B3870 /* Resources */ = {
			isa = PBXResourcesBuildPhase;
			buildActionMask = 2147483647;
			files = (
				DB6D94EF2514D50D004B3870 /* LaunchScreen.storyboard in Resources */,
				DBD672072514D9490003A860 /* GoogleService-Info.plist in Resources */,
				DB6D94EC2514D50D004B3870 /* Assets.xcassets in Resources */,
				DB6D94EA2514D508004B3870 /* Main.storyboard in Resources */,
			);
			runOnlyForDeploymentPostprocessing = 0;
		};
/* End PBXResourcesBuildPhase section */

/* Begin PBXShellScriptBuildPhase section */
		5DFDFF85E0D5567E30035B7A /* [CP] Check Pods Manifest.lock */ = {
			isa = PBXShellScriptBuildPhase;
			buildActionMask = 2147483647;
			files = (
			);
			inputFileListPaths = (
			);
			inputPaths = (
				"${PODS_PODFILE_DIR_PATH}/Podfile.lock",
				"${PODS_ROOT}/Manifest.lock",
			);
			name = "[CP] Check Pods Manifest.lock";
			outputFileListPaths = (
			);
			outputPaths = (
				"$(DERIVED_FILE_DIR)/Pods-BuyBookBack-checkManifestLockResult.txt",
			);
			runOnlyForDeploymentPostprocessing = 0;
			shellPath = /bin/sh;
			shellScript = "diff \"${PODS_PODFILE_DIR_PATH}/Podfile.lock\" \"${PODS_ROOT}/Manifest.lock\" > /dev/null\nif [ $? != 0 ] ; then\n    # print error to STDERR\n    echo \"error: The sandbox is not in sync with the Podfile.lock. Run 'pod install' or update your CocoaPods installation.\" >&2\n    exit 1\nfi\n# This output is used by Xcode 'outputs' to avoid re-running this script phase.\necho \"SUCCESS\" > \"${SCRIPT_OUTPUT_FILE_0}\"\n";
			showEnvVarsInLog = 0;
		};
		959EEADA54CD92BEE655EB66 /* [CP] Embed Pods Frameworks */ = {
			isa = PBXShellScriptBuildPhase;
			buildActionMask = 2147483647;
			files = (
			);
			inputFileListPaths = (
				"${PODS_ROOT}/Target Support Files/Pods-BuyBookBack/Pods-BuyBookBack-frameworks-${CONFIGURATION}-input-files.xcfilelist",
			);
			name = "[CP] Embed Pods Frameworks";
			outputFileListPaths = (
				"${PODS_ROOT}/Target Support Files/Pods-BuyBookBack/Pods-BuyBookBack-frameworks-${CONFIGURATION}-output-files.xcfilelist",
			);
			runOnlyForDeploymentPostprocessing = 0;
			shellPath = /bin/sh;
			shellScript = "\"${PODS_ROOT}/Target Support Files/Pods-BuyBookBack/Pods-BuyBookBack-frameworks.sh\"\n";
			showEnvVarsInLog = 0;
		};
/* End PBXShellScriptBuildPhase section */

/* Begin PBXSourcesBuildPhase section */
		DB6D94DB2514D508004B3870 /* Sources */ = {
			isa = PBXSourcesBuildPhase;
			buildActionMask = 2147483647;
			files = (
				DB6D94E72514D508004B3870 /* ViewController.swift in Sources */,
				DB6D94E32514D508004B3870 /* AppDelegate.swift in Sources */,
				DB6D94E52514D508004B3870 /* SceneDelegate.swift in Sources */,
			);
			runOnlyForDeploymentPostprocessing = 0;
		};
/* End PBXSourcesBuildPhase section */

/* Begin PBXVariantGroup section */
		DB6D94E82514D508004B3870 /* Main.storyboard */ = {
			isa = PBXVariantGroup;
			children = (
				DB6D94E92514D508004B3870 /* Base */,
			);
			name = Main.storyboard;
			sourceTree = "<group>";
		};
		DB6D94ED2514D50D004B3870 /* LaunchScreen.storyboard */ = {
			isa = PBXVariantGroup;
			children = (
				DB6D94EE2514D50D004B3870 /* Base */,
			);
			name = LaunchScreen.storyboard;
			sourceTree = "<group>";
		};
/* End PBXVariantGroup section */

/* Begin XCBuildConfiguration section */
		DB6D94F12514D50D004B3870 /* Debug */ = {
			isa = XCBuildConfiguration;
			buildSettings = {
				ALWAYS_SEARCH_USER_PATHS = NO;
				CLANG_ANALYZER_NONNULL = YES;
				CLANG_ANALYZER_NUMBER_OBJECT_CONVERSION = YES_AGGRESSIVE;
				CLANG_CXX_LANGUAGE_STANDARD = "gnu++14";
				CLANG_CXX_LIBRARY = "libc++";
				CLANG_ENABLE_MODULES = YES;
				CLANG_ENABLE_OBJC_ARC = YES;
				CLANG_ENABLE_OBJC_WEAK = YES;
				CLANG_WARN_BLOCK_CAPTURE_AUTORELEASING = YES;
				CLANG_WARN_BOOL_CONVERSION = YES;
				CLANG_WARN_COMMA = YES;
				CLANG_WARN_CONSTANT_CONVERSION = YES;
				CLANG_WARN_DEPRECATED_OBJC_IMPLEMENTATIONS = YES;
				CLANG_WARN_DIRECT_OBJC_ISA_USAGE = YES_ERROR;
				CLANG_WARN_DOCUMENTATION_COMMENTS = YES;
				CLANG_WARN_EMPTY_BODY = YES;
				CLANG_WARN_ENUM_CONVERSION = YES;
				CLANG_WARN_INFINITE_RECURSION = YES;
				CLANG_WARN_INT_CONVERSION = YES;
				CLANG_WARN_NON_LITERAL_NULL_CONVERSION = YES;
				CLANG_WARN_OBJC_IMPLICIT_RETAIN_SELF = YES;
				CLANG_WARN_OBJC_LITERAL_CONVERSION = YES;
				CLANG_WARN_OBJC_ROOT_CLASS = YES_ERROR;
				CLANG_WARN_RANGE_LOOP_ANALYSIS = YES;
				CLANG_WARN_STRICT_PROTOTYPES = YES;
				CLANG_WARN_SUSPICIOUS_MOVE = YES;
				CLANG_WARN_UNGUARDED_AVAILABILITY = YES_AGGRESSIVE;
				CLANG_WARN_UNREACHABLE_CODE = YES;
				CLANG_WARN__DUPLICATE_METHOD_MATCH = YES;
				COPY_PHASE_STRIP = NO;
				DEBUG_INFORMATION_FORMAT = dwarf;
				ENABLE_STRICT_OBJC_MSGSEND = YES;
				ENABLE_TESTABILITY = YES;
				GCC_C_LANGUAGE_STANDARD = gnu11;
				GCC_DYNAMIC_NO_PIC = NO;
				GCC_NO_COMMON_BLOCKS = YES;
				GCC_OPTIMIZATION_LEVEL = 0;
				GCC_PREPROCESSOR_DEFINITIONS = (
					"DEBUG=1",
					"$(inherited)",
				);
				GCC_WARN_64_TO_32_BIT_CONVERSION = YES;
				GCC_WARN_ABOUT_RETURN_TYPE = YES_ERROR;
				GCC_WARN_UNDECLARED_SELECTOR = YES;
				GCC_WARN_UNINITIALIZED_AUTOS = YES_AGGRESSIVE;
				GCC_WARN_UNUSED_FUNCTION = YES;
				GCC_WARN_UNUSED_VARIABLE = YES;
				IPHONEOS_DEPLOYMENT_TARGET = 13.7;
				MTL_ENABLE_DEBUG_INFO = INCLUDE_SOURCE;
				MTL_FAST_MATH = YES;
				ONLY_ACTIVE_ARCH = YES;
				SDKROOT = iphoneos;
				SWIFT_ACTIVE_COMPILATION_CONDITIONS = DEBUG;
				SWIFT_OPTIMIZATION_LEVEL = "-Onone";
			};
			name = Debug;
		};
		DB6D94F22514D50D004B3870 /* Release */ = {
			isa = XCBuildConfiguration;
			buildSettings = {
				ALWAYS_SEARCH_USER_PATHS = NO;
				CLANG_ANALYZER_NONNULL = YES;
				CLANG_ANALYZER_NUMBER_OBJECT_CONVERSION = YES_AGGRESSIVE;
				CLANG_CXX_LANGUAGE_STANDARD = "gnu++14";
				CLANG_CXX_LIBRARY = "libc++";
				CLANG_ENABLE_MODULES = YES;
				CLANG_ENABLE_OBJC_ARC = YES;
				CLANG_ENABLE_OBJC_WEAK = YES;
				CLANG_WARN_BLOCK_CAPTURE_AUTORELEASING = YES;
				CLANG_WARN_BOOL_CONVERSION = YES;
				CLANG_WARN_COMMA = YES;
				CLANG_WARN_CONSTANT_CONVERSION = YES;
				CLANG_WARN_DEPRECATED_OBJC_IMPLEMENTATIONS = YES;
				CLANG_WARN_DIRECT_OBJC_ISA_USAGE = YES_ERROR;
				CLANG_WARN_DOCUMENTATION_COMMENTS = YES;
				CLANG_WARN_EMPTY_BODY = YES;
				CLANG_WARN_ENUM_CONVERSION = YES;
				CLANG_WARN_INFINITE_RECURSION = YES;
				CLANG_WARN_INT_CONVERSION = YES;
				CLANG_WARN_NON_LITERAL_NULL_CONVERSION = YES;
				CLANG_WARN_OBJC_IMPLICIT_RETAIN_SELF = YES;
				CLANG_WARN_OBJC_LITERAL_CONVERSION = YES;
				CLANG_WARN_OBJC_ROOT_CLASS = YES_ERROR;
				CLANG_WARN_RANGE_LOOP_ANALYSIS = YES;
				CLANG_WARN_STRICT_PROTOTYPES = YES;
				CLANG_WARN_SUSPICIOUS_MOVE = YES;
				CLANG_WARN_UNGUARDED_AVAILABILITY = YES_AGGRESSIVE;
				CLANG_WARN_UNREACHABLE_CODE = YES;
				CLANG_WARN__DUPLICATE_METHOD_MATCH = YES;
				COPY_PHASE_STRIP = NO;
				DEBUG_INFORMATION_FORMAT = "dwarf-with-dsym";
				ENABLE_NS_ASSERTIONS = NO;
				ENABLE_STRICT_OBJC_MSGSEND = YES;
				GCC_C_LANGUAGE_STANDARD = gnu11;
				GCC_NO_COMMON_BLOCKS = YES;
				GCC_WARN_64_TO_32_BIT_CONVERSION = YES;
				GCC_WARN_ABOUT_RETURN_TYPE = YES_ERROR;
				GCC_WARN_UNDECLARED_SELECTOR = YES;
				GCC_WARN_UNINITIALIZED_AUTOS = YES_AGGRESSIVE;
				GCC_WARN_UNUSED_FUNCTION = YES;
				GCC_WARN_UNUSED_VARIABLE = YES;
				IPHONEOS_DEPLOYMENT_TARGET = 13.7;
				MTL_ENABLE_DEBUG_INFO = NO;
				MTL_FAST_MATH = YES;
				SDKROOT = iphoneos;
				SWIFT_COMPILATION_MODE = wholemodule;
				SWIFT_OPTIMIZATION_LEVEL = "-O";
				VALIDATE_PRODUCT = YES;
			};
			name = Release;
		};
		DB6D94F42514D50D004B3870 /* Debug */ = {
			isa = XCBuildConfiguration;
			baseConfigurationReference = 88B8C68B7E519DB9DEFF3903 /* Pods-BuyBookBack.debug.xcconfig */;
			buildSettings = {
				ASSETCATALOG_COMPILER_APPICON_NAME = AppIcon;
				CODE_SIGN_STYLE = Automatic;
				DEVELOPMENT_TEAM = L8C3XR869H;
				INFOPLIST_FILE = BuyBookBack/Info.plist;
				LD_RUNPATH_SEARCH_PATHS = (
					"$(inherited)",
					"@executable_path/Frameworks",
				);
				PRODUCT_BUNDLE_IDENTIFIER = com.bilalfakhro.ByuBookBack;
				PRODUCT_NAME = BuyBookBack;
				SWIFT_VERSION = 5.0;
				TARGETED_DEVICE_FAMILY = 1;
			};
			name = Debug;
		};
		DB6D94F52514D50D004B3870 /* Release */ = {
			isa = XCBuildConfiguration;
			baseConfigurationReference = 2D2B70A4E6BE15E1C7E1F18F /* Pods-BuyBookBack.release.xcconfig */;
			buildSettings = {
				ASSETCATALOG_COMPILER_APPICON_NAME = AppIcon;
				CODE_SIGN_STYLE = Automatic;
				DEVELOPMENT_TEAM = L8C3XR869H;
				INFOPLIST_FILE = BuyBookBack/Info.plist;
				LD_RUNPATH_SEARCH_PATHS = (
					"$(inherited)",
					"@executable_path/Frameworks",
				);
				PRODUCT_BUNDLE_IDENTIFIER = com.bilalfakhro.ByuBookBack;
				PRODUCT_NAME = BuyBookBack;
				SWIFT_VERSION = 5.0;
				TARGETED_DEVICE_FAMILY = 1;
			};
			name = Release;
		};
/* End XCBuildConfiguration section */

/* Begin XCConfigurationList section */
		DB6D94DA2514D508004B3870 /* Build configuration list for PBXProject "BuyBookBack" */ = {
			isa = XCConfigurationList;
			buildConfigurations = (
				DB6D94F12514D50D004B3870 /* Debug */,
				DB6D94F22514D50D004B3870 /* Release */,
			);
			defaultConfigurationIsVisible = 0;
			defaultConfigurationName = Release;
		};
		DB6D94F32514D50D004B3870 /* Build configuration list for PBXNativeTarget "BuyBookBack" */ = {
			isa = XCConfigurationList;
			buildConfigurations = (
				DB6D94F42514D50D004B3870 /* Debug */,
				DB6D94F52514D50D004B3870 /* Release */,
			);
			defaultConfigurationIsVisible = 0;
			defaultConfigurationName = Release;
		};
/* End XCConfigurationList section */
	};
	rootObject = DB6D94D72514D508004B3870 /* Project object */;
}
